
Microsoft Visual Studio Solution File, Format Version 12.00
# Visual Studio Version 16
VisualStudioVersion = 16.0.30907.101
MinimumVisualStudioVersion = 10.0.40219.1
Project("{FAE04EC0-301F-11D3-BF4B-00C04F79EFBC}") = "ConsoleAppCore", "ConsoleAppCore\ConsoleAppCore.csproj", "{7FEB121E-F687-49E0-82FB-06E65F73EF39}"
EndProject
Global
	GlobalSection(SolutionConfigurationPlatforms) = preSolution
		Debug|Any CPU = Debug|Any CPU
		Release|Any CPU = Release|Any CPU
	EndGlobalSection
	GlobalSection(ProjectConfigurationPlatforms) = postSolution
		{7FEB121E-F687-49E0-82FB-06E65F73EF39}.Debug|Any CPU.ActiveCfg = Debug|Any CPU
		{7FEB121E-F687-49E0-82FB-06E65F73EF39}.Debug|Any CPU.Build.0 = Debug|Any CPU
		{7FEB121E-F687-49E0-82FB-06E65F73EF39}.Release|Any CPU.ActiveCfg = Release|Any CPU
		{7FEB121E-F687-49E0-82FB-06E65F73EF39}.Release|Any CPU.Build.0 = Release|Any CPU
	EndGlobalSection
	GlobalSection(SolutionProperties) = preSolution
		HideSolutionNode = FALSE
	EndGlobalSection
	GlobalSection(ExtensibilityGlobals) = postSolution
		SolutionGuid = {E11DEECF-A963-4EE5-8601-AA1661B8BD9D}
	EndGlobalSection
EndGlobal
